
Microsoft Visual Studio Solution File, Format Version 12.00
# Visual Studio Version 18
VisualStudioVersion = 18.2.11408.102
MinimumVisualStudioVersion = 10.0.40219.1
Project("{8BC9CEB8-8B4A-11D0-8D11-00A0C91BC942}") = "ChessEngine", "ChessEngine\ChessEngine.vcxproj", "{6011E359-EEA9-463D-9FA5-311AB8BD14D5}"
EndProject
Project("{8BC9CEB8-8B4A-11D0-8D11-00A0C91BC942}") = "Tests", "Tests\Tests.vcxproj", "{325ECB3A-23DB-C347-4BB0-D4DBF98485C4}"
	ProjectSection(ProjectDependencies) = postProject
		{6011E359-EEA9-463D-9FA5-311AB8BD14D5} = {6011E359-EEA9-463D-9FA5-311AB8BD14D5}
	EndProjectSection
EndProject
Project("{888888A0-9F3D-457C-B088-3A5042F75D52}") = "bookGenerator", "bookGenerator\bookGenerator.pyproj", "{331D503E-CD62-4C14-821E-0E1073A4A02A}"
EndProject
Global
	GlobalSection(SolutionConfigurationPlatforms) = preSolution
		Debug|Any CPU = Debug|Any CPU
		Debug|x64 = Debug|x64
		Debug|x86 = Debug|x86
		Debug-Test|Any CPU = Debug-Test|Any CPU
		Debug-Test|x64 = Debug-Test|x64
		Debug-Test|x86 = Debug-Test|x86
		Release|Any CPU = Release|Any CPU
		Release|x64 = Release|x64
		Release|x86 = Release|x86
		Release-Test|Any CPU = Release-Test|Any CPU
		Release-Test|x64 = Release-Test|x64
		Release-Test|x86 = Release-Test|x86
	EndGlobalSection
	GlobalSection(ProjectConfigurationPlatforms) = postSolution
		{6011E359-EEA9-463D-9FA5-311AB8BD14D5}.Debug|Any CPU.ActiveCfg = Debug|x64
		{6011E359-EEA9-463D-9FA5-311AB8BD14D5}.Debug|Any CPU.Build.0 = Debug|x64
		{6011E359-EEA9-463D-9FA5-311AB8BD14D5}.Debug|x64.ActiveCfg = Debug|x64
		{6011E359-EEA9-463D-9FA5-311AB8BD14D5}.Debug|x64.Build.0 = Debug|x64
		{6011E359-EEA9-463D-9FA5-311AB8BD14D5}.Debug|x86.ActiveCfg = Debug|Win32
		{6011E359-EEA9-463D-9FA5-311AB8BD14D5}.Debug|x86.Build.0 = Debug|Win32
		{6011E359-EEA9-463D-9FA5-311AB8BD14D5}.Debug-Test|Any CPU.ActiveCfg = Debug-Test|x64
		{6011E359-EEA9-463D-9FA5-311AB8BD14D5}.Debug-Test|Any CPU.Build.0 = Debug-Test|x64
		{6011E359-EEA9-463D-9FA5-311AB8BD14D5}.Debug-Test|x64.ActiveCfg = Debug-Test|x64
		{6011E359-EEA9-463D-9FA5-311AB8BD14D5}.Debug-Test|x64.Build.0 = Debug-Test|x64
		{6011E359-EEA9-463D-9FA5-311AB8BD14D5}.Debug-Test|x86.ActiveCfg = Debug-Test|Win32
		{6011E359-EEA9-463D-9FA5-311AB8BD14D5}.Debug-Test|x86.Build.0 = Debug-Test|Win32
		{6011E359-EEA9-463D-9FA5-311AB8BD14D5}.Release|Any CPU.ActiveCfg = Release|x64
		{6011E359-EEA9-463D-9FA5-311AB8BD14D5}.Release|Any CPU.Build.0 = Release|x64
		{6011E359-EEA9-463D-9FA5-311AB8BD14D5}.Release|x64.ActiveCfg = Release|x64
		{6011E359-EEA9-463D-9FA5-311AB8BD14D5}.Release|x64.Build.0 = Release|x64
		{6011E359-EEA9-463D-9FA5-311AB8BD14D5}.Release|x86.ActiveCfg = Release|Win32
		{6011E359-EEA9-463D-9FA5-311AB8BD14D5}.Release|x86.Build.0 = Release|Win32
		{6011E359-EEA9-463D-9FA5-311AB8BD14D5}.Release-Test|Any CPU.ActiveCfg = Release-Test|x64
		{6011E359-EEA9-463D-9FA5-311AB8BD14D5}.Release-Test|Any CPU.Build.0 = Release-Test|x64
		{6011E359-EEA9-463D-9FA5-311AB8BD14D5}.Release-Test|x64.ActiveCfg = Release-Test|x64
		{6011E359-EEA9-463D-9FA5-311AB8BD14D5}.Release-Test|x64.Build.0 = Release-Test|x64
		{6011E359-EEA9-463D-9FA5-311AB8BD14D5}.Release-Test|x86.ActiveCfg = Release-Test|Win32
		{6011E359-EEA9-463D-9FA5-311AB8BD14D5}.Release-Test|x86.Build.0 = Release-Test|Win32
		{325ECB3A-23DB-C347-4BB0-D4DBF98485C4}.Debug|Any CPU.ActiveCfg = Debug|x64
		{325ECB3A-23DB-C347-4BB0-D4DBF98485C4}.Debug|Any CPU.Build.0 = Debug|x64
		{325ECB3A-23DB-C347-4BB0-D4DBF98485C4}.Debug|x64.ActiveCfg = Debug|x64
		{325ECB3A-23DB-C347-4BB0-D4DBF98485C4}.Debug|x64.Build.0 = Debug|x64
		{325ECB3A-23DB-C347-4BB0-D4DBF98485C4}.Debug|x86.ActiveCfg = Debug|Win32
		{325ECB3A-23DB-C347-4BB0-D4DBF98485C4}.Debug|x86.Build.0 = Debug|Win32
		{325ECB3A-23DB-C347-4BB0-D4DBF98485C4}.Debug-Test|Any CPU.ActiveCfg = Debug|x64
		{325ECB3A-23DB-C347-4BB0-D4DBF98485C4}.Debug-Test|Any CPU.Build.0 = Debug|x64
		{325ECB3A-23DB-C347-4BB0-D4DBF98485C4}.Debug-Test|x64.ActiveCfg = Debug|x64
		{325ECB3A-23DB-C347-4BB0-D4DBF98485C4}.Debug-Test|x64.Build.0 = Debug|x64
		{325ECB3A-23DB-C347-4BB0-D4DBF98485C4}.Debug-Test|x86.ActiveCfg = Debug|Win32
		{325ECB3A-23DB-C347-4BB0-D4DBF98485C4}.Debug-Test|x86.Build.0 = Debug|Win32
		{325ECB3A-23DB-C347-4BB0-D4DBF98485C4}.Release|Any CPU.ActiveCfg = Release|x64
		{325ECB3A-23DB-C347-4BB0-D4DBF98485C4}.Release|Any CPU.Build.0 = Release|x64
		{325ECB3A-23DB-C347-4BB0-D4DBF98485C4}.Release|x64.ActiveCfg = Release|x64
		{325ECB3A-23DB-C347-4BB0-D4DBF98485C4}.Release|x64.Build.0 = Release|x64
		{325ECB3A-23DB-C347-4BB0-D4DBF98485C4}.Release|x86.ActiveCfg = Release|Win32
		{325ECB3A-23DB-C347-4BB0-D4DBF98485C4}.Release|x86.Build.0 = Release|Win32
		{325ECB3A-23DB-C347-4BB0-D4DBF98485C4}.Release-Test|Any CPU.ActiveCfg = Release|x64
		{325ECB3A-23DB-C347-4BB0-D4DBF98485C4}.Release-Test|Any CPU.Build.0 = Release|x64
		{325ECB3A-23DB-C347-4BB0-D4DBF98485C4}.Release-Test|x64.ActiveCfg = Release|x64
		{325ECB3A-23DB-C347-4BB0-D4DBF98485C4}.Release-Test|x64.Build.0 = Release|x64
		{325ECB3A-23DB-C347-4BB0-D4DBF98485C4}.Release-Test|x86.ActiveCfg = Release|Win32
		{325ECB3A-23DB-C347-4BB0-D4DBF98485C4}.Release-Test|x86.Build.0 = Release|Win32
		{331D503E-CD62-4C14-821E-0E1073A4A02A}.Debug|Any CPU.ActiveCfg = Debug|Any CPU
		{331D503E-CD62-4C14-821E-0E1073A4A02A}.Debug|x64.ActiveCfg = Debug|Any CPU
		{331D503E-CD62-4C14-821E-0E1073A4A02A}.Debug|x86.ActiveCfg = Debug|Any CPU
		{331D503E-CD62-4C14-821E-0E1073A4A02A}.Debug-Test|Any CPU.ActiveCfg = Debug|Any CPU
		{331D503E-CD62-4C14-821E-0E1073A4A02A}.Debug-Test|x64.ActiveCfg = Debug|Any CPU
		{331D503E-CD62-4C14-821E-0E1073A4A02A}.Debug-Test|x86.ActiveCfg = Debug|Any CPU
		{331D503E-CD62-4C14-821E-0E1073A4A02A}.Release|Any CPU.ActiveCfg = Release|Any CPU
		{331D503E-CD62-4C14-821E-0E1073A4A02A}.Release|x64.ActiveCfg = Release|Any CPU
		{331D503E-CD62-4C14-821E-0E1073A4A02A}.Release|x86.ActiveCfg = Release|Any CPU
		{331D503E-CD62-4C14-821E-0E1073A4A02A}.Release-Test|Any CPU.ActiveCfg = Release|Any CPU
		{331D503E-CD62-4C14-821E-0E1073A4A02A}.Release-Test|x64.ActiveCfg = Release|Any CPU
		{331D503E-CD62-4C14-821E-0E1073A4A02A}.Release-Test|x86.ActiveCfg = Release|Any CPU
	EndGlobalSection
	GlobalSection(SolutionProperties) = preSolution
		HideSolutionNode = FALSE
	EndGlobalSection
	GlobalSection(ExtensibilityGlobals) = postSolution
		SolutionGuid = {B917E206-00DF-4FF8-BF1F-4D3CCBBDE37F}
	EndGlobalSection
EndGlobal
