
Microsoft Visual Studio Solution File, Format Version 12.00
# Visual Studio Version 17
VisualStudioVersion = 17.14.36623.8
MinimumVisualStudioVersion = 10.0.40219.1
Project("{8BC9CEB8-8B4A-11D0-8D11-00A0C91BC942}") = "ChessEngine", "ChessEngine\ChessEngine.vcxproj", "{6011E359-EEA9-463D-9FA5-311AB8BD14D5}"
EndProject
Global
	GlobalSection(SolutionConfigurationPlatforms) = preSolution
		Debug-PerftTest|x64 = Debug-PerftTest|x64
		Debug-PerftTest|x86 = Debug-PerftTest|x86
		Debug-Test|x64 = Debug-Test|x64
		Debug-Test|x86 = Debug-Test|x86
		Debug-UCI|x64 = Debug-UCI|x64
		Debug-UCI|x86 = Debug-UCI|x86
		Release-PerftTest|x64 = Release-PerftTest|x64
		Release-PerftTest|x86 = Release-PerftTest|x86
		Release-Test|x64 = Release-Test|x64
		Release-Test|x86 = Release-Test|x86
		Release-UCI|x64 = Release-UCI|x64
		Release-UCI|x86 = Release-UCI|x86
	EndGlobalSection
	GlobalSection(ProjectConfigurationPlatforms) = postSolution
		{6011E359-EEA9-463D-9FA5-311AB8BD14D5}.Debug-PerftTest|x64.ActiveCfg = Debug-PerftTest|x64
		{6011E359-EEA9-463D-9FA5-311AB8BD14D5}.Debug-PerftTest|x64.Build.0 = Debug-PerftTest|x64
		{6011E359-EEA9-463D-9FA5-311AB8BD14D5}.Debug-PerftTest|x86.ActiveCfg = Debug-PerftTest|Win32
		{6011E359-EEA9-463D-9FA5-311AB8BD14D5}.Debug-PerftTest|x86.Build.0 = Debug-PerftTest|Win32
		{6011E359-EEA9-463D-9FA5-311AB8BD14D5}.Debug-Test|x64.ActiveCfg = Debug-Test|x64
		{6011E359-EEA9-463D-9FA5-311AB8BD14D5}.Debug-Test|x64.Build.0 = Debug-Test|x64
		{6011E359-EEA9-463D-9FA5-311AB8BD14D5}.Debug-Test|x86.ActiveCfg = Debug-Test|Win32
		{6011E359-EEA9-463D-9FA5-311AB8BD14D5}.Debug-Test|x86.Build.0 = Debug-Test|Win32
		{6011E359-EEA9-463D-9FA5-311AB8BD14D5}.Debug-UCI|x64.ActiveCfg = Debug-UCI|x64
		{6011E359-EEA9-463D-9FA5-311AB8BD14D5}.Debug-UCI|x64.Build.0 = Debug-UCI|x64
		{6011E359-EEA9-463D-9FA5-311AB8BD14D5}.Debug-UCI|x86.ActiveCfg = Debug-UCI|Win32
		{6011E359-EEA9-463D-9FA5-311AB8BD14D5}.Debug-UCI|x86.Build.0 = Debug-UCI|Win32
		{6011E359-EEA9-463D-9FA5-311AB8BD14D5}.Release-PerftTest|x64.ActiveCfg = Release-PerftTest|x64
		{6011E359-EEA9-463D-9FA5-311AB8BD14D5}.Release-PerftTest|x64.Build.0 = Release-PerftTest|x64
		{6011E359-EEA9-463D-9FA5-311AB8BD14D5}.Release-PerftTest|x86.ActiveCfg = Release-PerftTest|Win32
		{6011E359-EEA9-463D-9FA5-311AB8BD14D5}.Release-PerftTest|x86.Build.0 = Release-PerftTest|Win32
		{6011E359-EEA9-463D-9FA5-311AB8BD14D5}.Release-Test|x64.ActiveCfg = Release-Test|x64
		{6011E359-EEA9-463D-9FA5-311AB8BD14D5}.Release-Test|x64.Build.0 = Release-Test|x64
		{6011E359-EEA9-463D-9FA5-311AB8BD14D5}.Release-Test|x86.ActiveCfg = Release-Test|Win32
		{6011E359-EEA9-463D-9FA5-311AB8BD14D5}.Release-Test|x86.Build.0 = Release-Test|Win32
		{6011E359-EEA9-463D-9FA5-311AB8BD14D5}.Release-UCI|x64.ActiveCfg = Release-UCI|x64
		{6011E359-EEA9-463D-9FA5-311AB8BD14D5}.Release-UCI|x64.Build.0 = Release-UCI|x64
		{6011E359-EEA9-463D-9FA5-311AB8BD14D5}.Release-UCI|x86.ActiveCfg = Release-UCI|Win32
		{6011E359-EEA9-463D-9FA5-311AB8BD14D5}.Release-UCI|x86.Build.0 = Release-UCI|Win32
	EndGlobalSection
	GlobalSection(SolutionProperties) = preSolution
		HideSolutionNode = FALSE
	EndGlobalSection
	GlobalSection(ExtensibilityGlobals) = postSolution
		SolutionGuid = {B917E206-00DF-4FF8-BF1F-4D3CCBBDE37F}
	EndGlobalSection
EndGlobal
